
Microsoft Visual Studio Solution File, Format Version 12.00
# Visual Studio Version 16
VisualStudioVersion = 16.0.31729.503
MinimumVisualStudioVersion = 10.0.40219.1
Project("{FAE04EC0-301F-11D3-BF4B-00C04F79EFBC}") = "Calentando el brazo ejercicio 20", "Calentando el brazo ejercicio 20.csproj", "{DCE1B7C0-801F-4869-84C6-844BB52E05D3}"
EndProject
Global
	GlobalSection(SolutionConfigurationPlatforms) = preSolution
		Debug|Any CPU = Debug|Any CPU
		Release|Any CPU = Release|Any CPU
	EndGlobalSection
	GlobalSection(ProjectConfigurationPlatforms) = postSolution
		{DCE1B7C0-801F-4869-84C6-844BB52E05D3}.Debug|Any CPU.ActiveCfg = Debug|Any CPU
		{DCE1B7C0-801F-4869-84C6-844BB52E05D3}.Debug|Any CPU.Build.0 = Debug|Any CPU
		{DCE1B7C0-801F-4869-84C6-844BB52E05D3}.Release|Any CPU.ActiveCfg = Release|Any CPU
		{DCE1B7C0-801F-4869-84C6-844BB52E05D3}.Release|Any CPU.Build.0 = Release|Any CPU
	EndGlobalSection
	GlobalSection(SolutionProperties) = preSolution
		HideSolutionNode = FALSE
	EndGlobalSection
	GlobalSection(ExtensibilityGlobals) = postSolution
		SolutionGuid = {2318E5F5-5ADF-4FCB-87A2-2F358B7E52C2}
	EndGlobalSection
EndGlobal
